
Microsoft Visual Studio Solution File, Format Version 12.00
# Visual Studio Version 16
VisualStudioVersion = 16.0.32002.261
MinimumVisualStudioVersion = 10.0.40219.1
Project("{9A19103F-16F7-4668-BE54-9A1E7A4F7556}") = "MongoDBAPI2", "MongoDBAPI2\MongoDBAPI2.csproj", "{A12F80E5-B83F-44E1-8D10-8141F293C770}"
EndProject
Project("{FAE04EC0-301F-11D3-BF4B-00C04F79EFBC}") = "MongoDBAPI2.IU", "MongoDBAPI2.IU\MongoDBAPI2.IU.csproj", "{B4A04A80-44AA-4D9C-9116-327BA4F290A9}"
EndProject
Global
	GlobalSection(SolutionConfigurationPlatforms) = preSolution
		Debug|Any CPU = Debug|Any CPU
		Release|Any CPU = Release|Any CPU
	EndGlobalSection
	GlobalSection(ProjectConfigurationPlatforms) = postSolution
		{A12F80E5-B83F-44E1-8D10-8141F293C770}.Debug|Any CPU.ActiveCfg = Debug|Any CPU
		{A12F80E5-B83F-44E1-8D10-8141F293C770}.Debug|Any CPU.Build.0 = Debug|Any CPU
		{A12F80E5-B83F-44E1-8D10-8141F293C770}.Release|Any CPU.ActiveCfg = Release|Any CPU
		{A12F80E5-B83F-44E1-8D10-8141F293C770}.Release|Any CPU.Build.0 = Release|Any CPU
		{B4A04A80-44AA-4D9C-9116-327BA4F290A9}.Debug|Any CPU.ActiveCfg = Debug|Any CPU
		{B4A04A80-44AA-4D9C-9116-327BA4F290A9}.Debug|Any CPU.Build.0 = Debug|Any CPU
		{B4A04A80-44AA-4D9C-9116-327BA4F290A9}.Release|Any CPU.ActiveCfg = Release|Any CPU
		{B4A04A80-44AA-4D9C-9116-327BA4F290A9}.Release|Any CPU.Build.0 = Release|Any CPU
	EndGlobalSection
	GlobalSection(SolutionProperties) = preSolution
		HideSolutionNode = FALSE
	EndGlobalSection
	GlobalSection(ExtensibilityGlobals) = postSolution
		SolutionGuid = {74373616-A369-4224-BCE9-413062A21BD2}
	EndGlobalSection
EndGlobal
